
Microsoft Visual Studio Solution File, Format Version 12.00
# Visual Studio 15
VisualStudioVersion = 15.0.28307.852
MinimumVisualStudioVersion = 10.0.40219.1
Project("{FAE04EC0-301F-11D3-BF4B-00C04F79EFBC}") = "Serveur Sauvegarde Locale", "Serveur Sauvegarde Locale\Serveur Sauvegarde Locale.csproj", "{F52EDE63-83BF-407E-BD3B-9CC98FC28F8C}"
EndProject
Global
	GlobalSection(SolutionConfigurationPlatforms) = preSolution
		Debug|Any CPU = Debug|Any CPU
		Release|Any CPU = Release|Any CPU
	EndGlobalSection
	GlobalSection(ProjectConfigurationPlatforms) = postSolution
		{F52EDE63-83BF-407E-BD3B-9CC98FC28F8C}.Debug|Any CPU.ActiveCfg = Debug|Any CPU
		{F52EDE63-83BF-407E-BD3B-9CC98FC28F8C}.Debug|Any CPU.Build.0 = Debug|Any CPU
		{F52EDE63-83BF-407E-BD3B-9CC98FC28F8C}.Release|Any CPU.ActiveCfg = Release|Any CPU
		{F52EDE63-83BF-407E-BD3B-9CC98FC28F8C}.Release|Any CPU.Build.0 = Release|Any CPU
	EndGlobalSection
	GlobalSection(SolutionProperties) = preSolution
		HideSolutionNode = FALSE
	EndGlobalSection
	GlobalSection(ExtensibilityGlobals) = postSolution
		SolutionGuid = {FA63D9F7-13A0-40B6-8383-AC84E086393E}
	EndGlobalSection
EndGlobal
